
Microsoft Visual Studio Solution File, Format Version 12.00
# Visual Studio 15
VisualStudioVersion = 15.0.28307.271
MinimumVisualStudioVersion = 10.0.40219.1
Project("{FAE04EC0-301F-11D3-BF4B-00C04F79EFBC}") = "Tarea2P", "Tarea2P\Tarea2P.csproj", "{7D89B8B1-9344-419A-8011-3EAA71C2B9D6}"
EndProject
Global
	GlobalSection(SolutionConfigurationPlatforms) = preSolution
		Debug|Any CPU = Debug|Any CPU
		Release|Any CPU = Release|Any CPU
	EndGlobalSection
	GlobalSection(ProjectConfigurationPlatforms) = postSolution
		{7D89B8B1-9344-419A-8011-3EAA71C2B9D6}.Debug|Any CPU.ActiveCfg = Debug|Any CPU
		{7D89B8B1-9344-419A-8011-3EAA71C2B9D6}.Debug|Any CPU.Build.0 = Debug|Any CPU
		{7D89B8B1-9344-419A-8011-3EAA71C2B9D6}.Release|Any CPU.ActiveCfg = Release|Any CPU
		{7D89B8B1-9344-419A-8011-3EAA71C2B9D6}.Release|Any CPU.Build.0 = Release|Any CPU
	EndGlobalSection
	GlobalSection(SolutionProperties) = preSolution
		HideSolutionNode = FALSE
	EndGlobalSection
	GlobalSection(ExtensibilityGlobals) = postSolution
		SolutionGuid = {157B9A7F-C4C5-46E8-BDD4-9089B2CD524E}
	EndGlobalSection
EndGlobal
