
Microsoft Visual Studio Solution File, Format Version 12.00
# Visual Studio 15
VisualStudioVersion = 15.0.28307.271
MinimumVisualStudioVersion = 10.0.40219.1
Project("{FAE04EC0-301F-11D3-BF4B-00C04F79EFBC}") = "LaBuena.Android", "LaBuena\LaBuena.Android\LaBuena.Android.csproj", "{4E8CB0CC-4D92-407C-AF89-7EF63C685302}"
EndProject
Project("{FAE04EC0-301F-11D3-BF4B-00C04F79EFBC}") = "LaBuena.iOS", "LaBuena\LaBuena.iOS\LaBuena.iOS.csproj", "{B32F6813-90CE-43E1-9772-E3D44D3B3D78}"
EndProject
Project("{FAE04EC0-301F-11D3-BF4B-00C04F79EFBC}") = "LaBuena", "LaBuena\LaBuena\LaBuena.csproj", "{14FC2E73-36CF-4BD0-B9E3-FE0D0760F480}"
EndProject
Global
	GlobalSection(SolutionConfigurationPlatforms) = preSolution
		Ad-Hoc|Any CPU = Ad-Hoc|Any CPU
		Ad-Hoc|iPhone = Ad-Hoc|iPhone
		Ad-Hoc|iPhoneSimulator = Ad-Hoc|iPhoneSimulator
		AppStore|Any CPU = AppStore|Any CPU
		AppStore|iPhone = AppStore|iPhone
		AppStore|iPhoneSimulator = AppStore|iPhoneSimulator
		Debug|Any CPU = Debug|Any CPU
		Debug|iPhone = Debug|iPhone
		Debug|iPhoneSimulator = Debug|iPhoneSimulator
		Release|Any CPU = Release|Any CPU
		Release|iPhone = Release|iPhone
		Release|iPhoneSimulator = Release|iPhoneSimulator
	EndGlobalSection
	GlobalSection(ProjectConfigurationPlatforms) = postSolution
		{4E8CB0CC-4D92-407C-AF89-7EF63C685302}.Ad-Hoc|Any CPU.ActiveCfg = Release|Any CPU
		{4E8CB0CC-4D92-407C-AF89-7EF63C685302}.Ad-Hoc|Any CPU.Build.0 = Release|Any CPU
		{4E8CB0CC-4D92-407C-AF89-7EF63C685302}.Ad-Hoc|Any CPU.Deploy.0 = Release|Any CPU
		{4E8CB0CC-4D92-407C-AF89-7EF63C685302}.Ad-Hoc|iPhone.ActiveCfg = Release|Any CPU
		{4E8CB0CC-4D92-407C-AF89-7EF63C685302}.Ad-Hoc|iPhone.Build.0 = Release|Any CPU
		{4E8CB0CC-4D92-407C-AF89-7EF63C685302}.Ad-Hoc|iPhone.Deploy.0 = Release|Any CPU
		{4E8CB0CC-4D92-407C-AF89-7EF63C685302}.Ad-Hoc|iPhoneSimulator.ActiveCfg = Release|Any CPU
		{4E8CB0CC-4D92-407C-AF89-7EF63C685302}.Ad-Hoc|iPhoneSimulator.Build.0 = Release|Any CPU
		{4E8CB0CC-4D92-407C-AF89-7EF63C685302}.Ad-Hoc|iPhoneSimulator.Deploy.0 = Release|Any CPU
		{4E8CB0CC-4D92-407C-AF89-7EF63C685302}.AppStore|Any CPU.ActiveCfg = Release|Any CPU
		{4E8CB0CC-4D92-407C-AF89-7EF63C685302}.AppStore|Any CPU.Build.0 = Release|Any CPU
		{4E8CB0CC-4D92-407C-AF89-7EF63C685302}.AppStore|Any CPU.Deploy.0 = Release|Any CPU
		{4E8CB0CC-4D92-407C-AF89-7EF63C685302}.AppStore|iPhone.ActiveCfg = Release|Any CPU
		{4E8CB0CC-4D92-407C-AF89-7EF63C685302}.AppStore|iPhone.Build.0 = Release|Any CPU
		{4E8CB0CC-4D92-407C-AF89-7EF63C685302}.AppStore|iPhone.Deploy.0 = Release|Any CPU
		{4E8CB0CC-4D92-407C-AF89-7EF63C685302}.AppStore|iPhoneSimulator.ActiveCfg = Release|Any CPU
		{4E8CB0CC-4D92-407C-AF89-7EF63C685302}.AppStore|iPhoneSimulator.Build.0 = Release|Any CPU
		{4E8CB0CC-4D92-407C-AF89-7EF63C685302}.AppStore|iPhoneSimulator.Deploy.0 = Release|Any CPU
		{4E8CB0CC-4D92-407C-AF89-7EF63C685302}.Debug|Any CPU.ActiveCfg = Debug|Any CPU
		{4E8CB0CC-4D92-407C-AF89-7EF63C685302}.Debug|Any CPU.Build.0 = Debug|Any CPU
		{4E8CB0CC-4D92-407C-AF89-7EF63C685302}.Debug|Any CPU.Deploy.0 = Debug|Any CPU
		{4E8CB0CC-4D92-407C-AF89-7EF63C685302}.Debug|iPhone.ActiveCfg = Debug|Any CPU
		{4E8CB0CC-4D92-407C-AF89-7EF63C685302}.Debug|iPhone.Build.0 = Debug|Any CPU
		{4E8CB0CC-4D92-407C-AF89-7EF63C685302}.Debug|iPhone.Deploy.0 = Debug|Any CPU
		{4E8CB0CC-4D92-407C-AF89-7EF63C685302}.Debug|iPhoneSimulator.ActiveCfg = Debug|Any CPU
		{4E8CB0CC-4D92-407C-AF89-7EF63C685302}.Debug|iPhoneSimulator.Build.0 = Debug|Any CPU
		{4E8CB0CC-4D92-407C-AF89-7EF63C685302}.Debug|iPhoneSimulator.Deploy.0 = Debug|Any CPU
		{4E8CB0CC-4D92-407C-AF89-7EF63C685302}.Release|Any CPU.ActiveCfg = Release|Any CPU
		{4E8CB0CC-4D92-407C-AF89-7EF63C685302}.Release|Any CPU.Build.0 = Release|Any CPU
		{4E8CB0CC-4D92-407C-AF89-7EF63C685302}.Release|Any CPU.Deploy.0 = Release|Any CPU
		{4E8CB0CC-4D92-407C-AF89-7EF63C685302}.Release|iPhone.ActiveCfg = Release|Any CPU
		{4E8CB0CC-4D92-407C-AF89-7EF63C685302}.Release|iPhone.Build.0 = Release|Any CPU
		{4E8CB0CC-4D92-407C-AF89-7EF63C685302}.Release|iPhone.Deploy.0 = Release|Any CPU
		{4E8CB0CC-4D92-407C-AF89-7EF63C685302}.Release|iPhoneSimulator.ActiveCfg = Release|Any CPU
		{4E8CB0CC-4D92-407C-AF89-7EF63C685302}.Release|iPhoneSimulator.Build.0 = Release|Any CPU
		{4E8CB0CC-4D92-407C-AF89-7EF63C685302}.Release|iPhoneSimulator.Deploy.0 = Release|Any CPU
		{B32F6813-90CE-43E1-9772-E3D44D3B3D78}.Ad-Hoc|Any CPU.ActiveCfg = Ad-Hoc|iPhone
		{B32F6813-90CE-43E1-9772-E3D44D3B3D78}.Ad-Hoc|Any CPU.Build.0 = Ad-Hoc|iPhone
		{B32F6813-90CE-43E1-9772-E3D44D3B3D78}.Ad-Hoc|Any CPU.Deploy.0 = Ad-Hoc|iPhone
		{B32F6813-90CE-43E1-9772-E3D44D3B3D78}.Ad-Hoc|iPhone.ActiveCfg = Ad-Hoc|iPhone
		{B32F6813-90CE-43E1-9772-E3D44D3B3D78}.Ad-Hoc|iPhone.Build.0 = Ad-Hoc|iPhone
		{B32F6813-90CE-43E1-9772-E3D44D3B3D78}.Ad-Hoc|iPhone.Deploy.0 = Ad-Hoc|iPhone
		{B32F6813-90CE-43E1-9772-E3D44D3B3D78}.Ad-Hoc|iPhoneSimulator.ActiveCfg = Ad-Hoc|iPhoneSimulator
		{B32F6813-90CE-43E1-9772-E3D44D3B3D78}.Ad-Hoc|iPhoneSimulator.Build.0 = Ad-Hoc|iPhoneSimulator
		{B32F6813-90CE-43E1-9772-E3D44D3B3D78}.Ad-Hoc|iPhoneSimulator.Deploy.0 = Ad-Hoc|iPhoneSimulator
		{B32F6813-90CE-43E1-9772-E3D44D3B3D78}.AppStore|Any CPU.ActiveCfg = AppStore|iPhone
		{B32F6813-90CE-43E1-9772-E3D44D3B3D78}.AppStore|Any CPU.Build.0 = AppStore|iPhone
		{B32F6813-90CE-43E1-9772-E3D44D3B3D78}.AppStore|Any CPU.Deploy.0 = AppStore|iPhone
		{B32F6813-90CE-43E1-9772-E3D44D3B3D78}.AppStore|iPhone.ActiveCfg = AppStore|iPhone
		{B32F6813-90CE-43E1-9772-E3D44D3B3D78}.AppStore|iPhone.Build.0 = AppStore|iPhone
		{B32F6813-90CE-43E1-9772-E3D44D3B3D78}.AppStore|iPhone.Deploy.0 = AppStore|iPhone
		{B32F6813-90CE-43E1-9772-E3D44D3B3D78}.AppStore|iPhoneSimulator.ActiveCfg = AppStore|iPhoneSimulator
		{B32F6813-90CE-43E1-9772-E3D44D3B3D78}.AppStore|iPhoneSimulator.Build.0 = AppStore|iPhoneSimulator
		{B32F6813-90CE-43E1-9772-E3D44D3B3D78}.AppStore|iPhoneSimulator.Deploy.0 = AppStore|iPhoneSimulator
		{B32F6813-90CE-43E1-9772-E3D44D3B3D78}.Debug|Any CPU.ActiveCfg = Debug|iPhoneSimulator
		{B32F6813-90CE-43E1-9772-E3D44D3B3D78}.Debug|Any CPU.Build.0 = Debug|iPhoneSimulator
		{B32F6813-90CE-43E1-9772-E3D44D3B3D78}.Debug|Any CPU.Deploy.0 = Debug|iPhoneSimulator
		{B32F6813-90CE-43E1-9772-E3D44D3B3D78}.Debug|iPhone.ActiveCfg = Debug|iPhone
		{B32F6813-90CE-43E1-9772-E3D44D3B3D78}.Debug|iPhone.Build.0 = Debug|iPhone
		{B32F6813-90CE-43E1-9772-E3D44D3B3D78}.Debug|iPhone.Deploy.0 = Debug|iPhone
		{B32F6813-90CE-43E1-9772-E3D44D3B3D78}.Debug|iPhoneSimulator.ActiveCfg = Debug|iPhoneSimulator
		{B32F6813-90CE-43E1-9772-E3D44D3B3D78}.Debug|iPhoneSimulator.Build.0 = Debug|iPhoneSimulator
		{B32F6813-90CE-43E1-9772-E3D44D3B3D78}.Debug|iPhoneSimulator.Deploy.0 = Debug|iPhoneSimulator
		{B32F6813-90CE-43E1-9772-E3D44D3B3D78}.Release|Any CPU.ActiveCfg = Release|iPhone
		{B32F6813-90CE-43E1-9772-E3D44D3B3D78}.Release|Any CPU.Build.0 = Release|iPhone
		{B32F6813-90CE-43E1-9772-E3D44D3B3D78}.Release|Any CPU.Deploy.0 = Release|iPhone
		{B32F6813-90CE-43E1-9772-E3D44D3B3D78}.Release|iPhone.ActiveCfg = Release|iPhone
		{B32F6813-90CE-43E1-9772-E3D44D3B3D78}.Release|iPhone.Build.0 = Release|iPhone
		{B32F6813-90CE-43E1-9772-E3D44D3B3D78}.Release|iPhone.Deploy.0 = Release|iPhone
		{B32F6813-90CE-43E1-9772-E3D44D3B3D78}.Release|iPhoneSimulator.ActiveCfg = Release|iPhoneSimulator
		{B32F6813-90CE-43E1-9772-E3D44D3B3D78}.Release|iPhoneSimulator.Build.0 = Release|iPhoneSimulator
		{B32F6813-90CE-43E1-9772-E3D44D3B3D78}.Release|iPhoneSimulator.Deploy.0 = Release|iPhoneSimulator
		{14FC2E73-36CF-4BD0-B9E3-FE0D0760F480}.Ad-Hoc|Any CPU.ActiveCfg = Debug|Any CPU
		{14FC2E73-36CF-4BD0-B9E3-FE0D0760F480}.Ad-Hoc|Any CPU.Build.0 = Debug|Any CPU
		{14FC2E73-36CF-4BD0-B9E3-FE0D0760F480}.Ad-Hoc|Any CPU.Deploy.0 = Debug|Any CPU
		{14FC2E73-36CF-4BD0-B9E3-FE0D0760F480}.Ad-Hoc|iPhone.ActiveCfg = Debug|Any CPU
		{14FC2E73-36CF-4BD0-B9E3-FE0D0760F480}.Ad-Hoc|iPhone.Build.0 = Debug|Any CPU
		{14FC2E73-36CF-4BD0-B9E3-FE0D0760F480}.Ad-Hoc|iPhone.Deploy.0 = Debug|Any CPU
		{14FC2E73-36CF-4BD0-B9E3-FE0D0760F480}.Ad-Hoc|iPhoneSimulator.ActiveCfg = Debug|Any CPU
		{14FC2E73-36CF-4BD0-B9E3-FE0D0760F480}.Ad-Hoc|iPhoneSimulator.Build.0 = Debug|Any CPU
		{14FC2E73-36CF-4BD0-B9E3-FE0D0760F480}.Ad-Hoc|iPhoneSimulator.Deploy.0 = Debug|Any CPU
		{14FC2E73-36CF-4BD0-B9E3-FE0D0760F480}.AppStore|Any CPU.ActiveCfg = Debug|Any CPU
		{14FC2E73-36CF-4BD0-B9E3-FE0D0760F480}.AppStore|Any CPU.Build.0 = Debug|Any CPU
		{14FC2E73-36CF-4BD0-B9E3-FE0D0760F480}.AppStore|Any CPU.Deploy.0 = Debug|Any CPU
		{14FC2E73-36CF-4BD0-B9E3-FE0D0760F480}.AppStore|iPhone.ActiveCfg = Debug|Any CPU
		{14FC2E73-36CF-4BD0-B9E3-FE0D0760F480}.AppStore|iPhone.Build.0 = Debug|Any CPU
		{14FC2E73-36CF-4BD0-B9E3-FE0D0760F480}.AppStore|iPhone.Deploy.0 = Debug|Any CPU
		{14FC2E73-36CF-4BD0-B9E3-FE0D0760F480}.AppStore|iPhoneSimulator.ActiveCfg = Debug|Any CPU
		{14FC2E73-36CF-4BD0-B9E3-FE0D0760F480}.AppStore|iPhoneSimulator.Build.0 = Debug|Any CPU
		{14FC2E73-36CF-4BD0-B9E3-FE0D0760F480}.AppStore|iPhoneSimulator.Deploy.0 = Debug|Any CPU
		{14FC2E73-36CF-4BD0-B9E3-FE0D0760F480}.Debug|Any CPU.ActiveCfg = Debug|Any CPU
		{14FC2E73-36CF-4BD0-B9E3-FE0D0760F480}.Debug|Any CPU.Build.0 = Debug|Any CPU
		{14FC2E73-36CF-4BD0-B9E3-FE0D0760F480}.Debug|Any CPU.Deploy.0 = Debug|Any CPU
		{14FC2E73-36CF-4BD0-B9E3-FE0D0760F480}.Debug|iPhone.ActiveCfg = Debug|Any CPU
		{14FC2E73-36CF-4BD0-B9E3-FE0D0760F480}.Debug|iPhone.Build.0 = Debug|Any CPU
		{14FC2E73-36CF-4BD0-B9E3-FE0D0760F480}.Debug|iPhone.Deploy.0 = Debug|Any CPU
		{14FC2E73-36CF-4BD0-B9E3-FE0D0760F480}.Debug|iPhoneSimulator.ActiveCfg = Debug|Any CPU
		{14FC2E73-36CF-4BD0-B9E3-FE0D0760F480}.Debug|iPhoneSimulator.Build.0 = Debug|Any CPU
		{14FC2E73-36CF-4BD0-B9E3-FE0D0760F480}.Debug|iPhoneSimulator.Deploy.0 = Debug|Any CPU
		{14FC2E73-36CF-4BD0-B9E3-FE0D0760F480}.Release|Any CPU.ActiveCfg = Release|Any CPU
		{14FC2E73-36CF-4BD0-B9E3-FE0D0760F480}.Release|Any CPU.Build.0 = Release|Any CPU
		{14FC2E73-36CF-4BD0-B9E3-FE0D0760F480}.Release|Any CPU.Deploy.0 = Release|Any CPU
		{14FC2E73-36CF-4BD0-B9E3-FE0D0760F480}.Release|iPhone.ActiveCfg = Release|Any CPU
		{14FC2E73-36CF-4BD0-B9E3-FE0D0760F480}.Release|iPhone.Build.0 = Release|Any CPU
		{14FC2E73-36CF-4BD0-B9E3-FE0D0760F480}.Release|iPhone.Deploy.0 = Release|Any CPU
		{14FC2E73-36CF-4BD0-B9E3-FE0D0760F480}.Release|iPhoneSimulator.ActiveCfg = Release|Any CPU
		{14FC2E73-36CF-4BD0-B9E3-FE0D0760F480}.Release|iPhoneSimulator.Build.0 = Release|Any CPU
		{14FC2E73-36CF-4BD0-B9E3-FE0D0760F480}.Release|iPhoneSimulator.Deploy.0 = Release|Any CPU
	EndGlobalSection
	GlobalSection(SolutionProperties) = preSolution
		HideSolutionNode = FALSE
	EndGlobalSection
	GlobalSection(ExtensibilityGlobals) = postSolution
		SolutionGuid = {CFCF3038-2409-418E-B2C5-63C8C2EAB268}
	EndGlobalSection
EndGlobal
