
Microsoft Visual Studio Solution File, Format Version 12.00
# Visual Studio 15
VisualStudioVersion = 15.0.28307.271
MinimumVisualStudioVersion = 10.0.40219.1
Project("{FAE04EC0-301F-11D3-BF4B-00C04F79EFBC}") = "Evidencia3Metodos", "Evidencia3Metodos\Evidencia3Metodos.csproj", "{A2D49414-4117-41CD-B85C-5DAA889D65FB}"
EndProject
Global
	GlobalSection(SolutionConfigurationPlatforms) = preSolution
		Debug|Any CPU = Debug|Any CPU
		Release|Any CPU = Release|Any CPU
	EndGlobalSection
	GlobalSection(ProjectConfigurationPlatforms) = postSolution
		{A2D49414-4117-41CD-B85C-5DAA889D65FB}.Debug|Any CPU.ActiveCfg = Debug|Any CPU
		{A2D49414-4117-41CD-B85C-5DAA889D65FB}.Debug|Any CPU.Build.0 = Debug|Any CPU
		{A2D49414-4117-41CD-B85C-5DAA889D65FB}.Release|Any CPU.ActiveCfg = Release|Any CPU
		{A2D49414-4117-41CD-B85C-5DAA889D65FB}.Release|Any CPU.Build.0 = Release|Any CPU
	EndGlobalSection
	GlobalSection(SolutionProperties) = preSolution
		HideSolutionNode = FALSE
	EndGlobalSection
	GlobalSection(ExtensibilityGlobals) = postSolution
		SolutionGuid = {EF0AFB84-7866-46C9-8873-FBB938D8B002}
	EndGlobalSection
EndGlobal
